
Microsoft Visual Studio Solution File, Format Version 9.00
# Visual Studio 2005
Project("{8BC9CEB8-8B4A-11D0-8D11-00A0C91BC942}") = "YJJ-SWS3", "YJJ-SWS3.vcproj", "{26C70658-1DDC-496D-AC81-AE3DEB6E709A}"
EndProject
Global
	GlobalSection(SolutionConfigurationPlatforms) = preSolution
		Debug|SDK1 (ARMV4I) = Debug|SDK1 (ARMV4I)
		Release|SDK1 (ARMV4I) = Release|SDK1 (ARMV4I)
	EndGlobalSection
	GlobalSection(ProjectConfigurationPlatforms) = postSolution
		{26C70658-1DDC-496D-AC81-AE3DEB6E709A}.Debug|SDK1 (ARMV4I).ActiveCfg = Debug|SDK1 (ARMV4I)
		{26C70658-1DDC-496D-AC81-AE3DEB6E709A}.Debug|SDK1 (ARMV4I).Build.0 = Debug|SDK1 (ARMV4I)
		{26C70658-1DDC-496D-AC81-AE3DEB6E709A}.Debug|SDK1 (ARMV4I).Deploy.0 = Debug|SDK1 (ARMV4I)
		{26C70658-1DDC-496D-AC81-AE3DEB6E709A}.Release|SDK1 (ARMV4I).ActiveCfg = Release|SDK1 (ARMV4I)
		{26C70658-1DDC-496D-AC81-AE3DEB6E709A}.Release|SDK1 (ARMV4I).Build.0 = Release|SDK1 (ARMV4I)
		{26C70658-1DDC-496D-AC81-AE3DEB6E709A}.Release|SDK1 (ARMV4I).Deploy.0 = Release|SDK1 (ARMV4I)
	EndGlobalSection
	GlobalSection(SolutionProperties) = preSolution
		HideSolutionNode = FALSE
	EndGlobalSection
EndGlobal
